// !$*UTF8*$!
{
	archiveVersion = 1;
	classes = {
	};
	objectVersion = 46;
	objects = {

/* Begin PBXBuildFile section */
		4BAEB3171D0EB58E00E77FAD /* AppDelegate.swift in Sources */ = {isa = PBXBuildFile; fileRef = 4BAEB3161D0EB58E00E77FAD /* AppDelegate.swift */; };
		4BAEB3191D0EB58E00E77FAD /* ViewController.swift in Sources */ = {isa = PBXBuildFile; fileRef = 4BAEB3181D0EB58E00E77FAD /* ViewController.swift */; };
		4BAEB31C1D0EB58E00E77FAD /* Main.storyboard in Resources */ = {isa = PBXBuildFile; fileRef = 4BAEB31A1D0EB58E00E77FAD /* Main.storyboard */; };
		4BAEB31E1D0EB58E00E77FAD /* Assets.xcassets in Resources */ = {isa = PBXBuildFile; fileRef = 4BAEB31D1D0EB58E00E77FAD /* Assets.xcassets */; };
		4BAEB3211D0EB58E00E77FAD /* LaunchScreen.storyboard in Resources */ = {isa = PBXBuildFile; fileRef = 4BAEB31F1D0EB58E00E77FAD /* LaunchScreen.storyboard */; };
		4BAEB32C1D0EB58E00E77FAD /* iQONTweetDisplayTests.swift in Sources */ = {isa = PBXBuildFile; fileRef = 4BAEB32B1D0EB58E00E77FAD /* iQONTweetDisplayTests.swift */; };
		4BAEB3371D0EB58E00E77FAD /* iQONTweetDisplayUITests.swift in Sources */ = {isa = PBXBuildFile; fileRef = 4BAEB3361D0EB58E00E77FAD /* iQONTweetDisplayUITests.swift */; };
/* End PBXBuildFile section */

/* Begin PBXContainerItemProxy section */
		4BAEB3281D0EB58E00E77FAD /* PBXContainerItemProxy */ = {
			isa = PBXContainerItemProxy;
			containerPortal = 4BAEB30B1D0EB58D00E77FAD /* Project object */;
			proxyType = 1;
			remoteGlobalIDString = 4BAEB3121D0EB58D00E77FAD;
			remoteInfo = iQONTweetDisplay;
		};
		4BAEB3331D0EB58E00E77FAD /* PBXContainerItemProxy */ = {
			isa = PBXContainerItemProxy;
			containerPortal = 4BAEB30B1D0EB58D00E77FAD /* Project object */;
			proxyType = 1;
			remoteGlobalIDString = 4BAEB3121D0EB58D00E77FAD;
			remoteInfo = iQONTweetDisplay;
		};
/* End PBXContainerItemProxy section */

/* Begin PBXFileReference section */
		4BAEB3131D0EB58D00E77FAD /* iQONTweetDisplay.app */ = {isa = PBXFileReference; explicitFileType = wrapper.application; includeInIndex = 0; path = iQONTweetDisplay.app; sourceTree = BUILT_PRODUCTS_DIR; };
		4BAEB3161D0EB58E00E77FAD /* AppDelegate.swift */ = {isa = PBXFileReference; lastKnownFileType = sourcecode.swift; path = AppDelegate.swift; sourceTree = "<group>"; };
		4BAEB3181D0EB58E00E77FAD /* ViewController.swift */ = {isa = PBXFileReference; lastKnownFileType = sourcecode.swift; path = ViewController.swift; sourceTree = "<group>"; };
		4BAEB31B1D0EB58E00E77FAD /* Base */ = {isa = PBXFileReference; lastKnownFileType = file.storyboard; name = Base; path = Base.lproj/Main.storyboard; sourceTree = "<group>"; };
		4BAEB31D1D0EB58E00E77FAD /* Assets.xcassets */ = {isa = PBXFileReference; lastKnownFileType = folder.assetcatalog; path = Assets.xcassets; sourceTree = "<group>"; };
		4BAEB3201D0EB58E00E77FAD /* Base */ = {isa = PBXFileReference; lastKnownFileType = file.storyboard; name = Base; path = Base.lproj/LaunchScreen.storyboard; sourceTree = "<group>"; };
		4BAEB3221D0EB58E00E77FAD /* Info.plist */ = {isa = PBXFileReference; lastKnownFileType = text.plist.xml; path = Info.plist; sourceTree = "<group>"; };
		4BAEB3271D0EB58E00E77FAD /* iQONTweetDisplayTests.xctest */ = {isa = PBXFileReference; explicitFileType = wrapper.cfbundle; includeInIndex = 0; path = iQONTweetDisplayTests.xctest; sourceTree = BUILT_PRODUCTS_DIR; };
		4BAEB32B1D0EB58E00E77FAD /* iQONTweetDisplayTests.swift */ = {isa = PBXFileReference; lastKnownFileType = sourcecode.swift; path = iQONTweetDisplayTests.swift; sourceTree = "<group>"; };
		4BAEB32D1D0EB58E00E77FAD /* Info.plist */ = {isa = PBXFileReference; lastKnownFileType = text.plist.xml; path = Info.plist; sourceTree = "<group>"; };
		4BAEB3321D0EB58E00E77FAD /* iQONTweetDisplayUITests.xctest */ = {isa = PBXFileReference; explicitFileType = wrapper.cfbundle; includeInIndex = 0; path = iQONTweetDisplayUITests.xctest; sourceTree = BUILT_PRODUCTS_DIR; };
		4BAEB3361D0EB58E00E77FAD /* iQONTweetDisplayUITests.swift */ = {isa = PBXFileReference; lastKnownFileType = sourcecode.swift; path = iQONTweetDisplayUITests.swift; sourceTree = "<group>"; };
		4BAEB3381D0EB58E00E77FAD /* Info.plist */ = {isa = PBXFileReference; lastKnownFileType = text.plist.xml; path = Info.plist; sourceTree = "<group>"; };
/* End PBXFileReference section */

/* Begin PBXFrameworksBuildPhase section */
		4BAEB3101D0EB58D00E77FAD /* Frameworks */ = {
			isa = PBXFrameworksBuildPhase;
			buildActionMask = 2147483647;
			files = (
			);
			runOnlyForDeploymentPostprocessing = 0;
		};
		4BAEB3241D0EB58E00E77FAD /* Frameworks */ = {
			isa = PBXFrameworksBuildPhase;
			buildActionMask = 2147483647;
			files = (
			);
			runOnlyForDeploymentPostprocessing = 0;
		};
		4BAEB32F1D0EB58E00E77FAD /* Frameworks */ = {
			isa = PBXFrameworksBuildPhase;
			buildActionMask = 2147483647;
			files = (
			);
			runOnlyForDeploymentPostprocessing = 0;
		};
/* End PBXFrameworksBuildPhase section */

/* Begin PBXGroup section */
		4BAEB30A1D0EB58D00E77FAD = {
			isa = PBXGroup;
			children = (
				4BAEB3151D0EB58E00E77FAD /* iQONTweetDisplay */,
				4BAEB32A1D0EB58E00E77FAD /* iQONTweetDisplayTests */,
				4BAEB3351D0EB58E00E77FAD /* iQONTweetDisplayUITests */,
				4BAEB3141D0EB58D00E77FAD /* Products */,
			);
			sourceTree = "<group>";
		};
		4BAEB3141D0EB58D00E77FAD /* Products */ = {
			isa = PBXGroup;
			children = (
				4BAEB3131D0EB58D00E77FAD /* iQONTweetDisplay.app */,
				4BAEB3271D0EB58E00E77FAD /* iQONTweetDisplayTests.xctest */,
				4BAEB3321D0EB58E00E77FAD /* iQONTweetDisplayUITests.xctest */,
			);
			name = Products;
			sourceTree = "<group>";
		};
		4BAEB3151D0EB58E00E77FAD /* iQONTweetDisplay */ = {
			isa = PBXGroup;
			children = (
				4BAEB3161D0EB58E00E77FAD /* AppDelegate.swift */,
				4BAEB3181D0EB58E00E77FAD /* ViewController.swift */,
				4BAEB31A1D0EB58E00E77FAD /* Main.storyboard */,
				4BAEB31D1D0EB58E00E77FAD /* Assets.xcassets */,
				4BAEB31F1D0EB58E00E77FAD /* LaunchScreen.storyboard */,
				4BAEB3221D0EB58E00E77FAD /* Info.plist */,
			);
			path = iQONTweetDisplay;
			sourceTree = "<group>";
		};
		4BAEB32A1D0EB58E00E77FAD /* iQONTweetDisplayTests */ = {
			isa = PBXGroup;
			children = (
				4BAEB32B1D0EB58E00E77FAD /* iQONTweetDisplayTests.swift */,
				4BAEB32D1D0EB58E00E77FAD /* Info.plist */,
			);
			path = iQONTweetDisplayTests;
			sourceTree = "<group>";
		};
		4BAEB3351D0EB58E00E77FAD /* iQONTweetDisplayUITests */ = {
			isa = PBXGroup;
			children = (
				4BAEB3361D0EB58E00E77FAD /* iQONTweetDisplayUITests.swift */,
				4BAEB3381D0EB58E00E77FAD /* Info.plist */,
			);
			path = iQONTweetDisplayUITests;
			sourceTree = "<group>";
		};
/* End PBXGroup section */

/* Begin PBXNativeTarget section */
		4BAEB3121D0EB58D00E77FAD /* iQONTweetDisplay */ = {
			isa = PBXNativeTarget;
			buildConfigurationList = 4BAEB33B1D0EB58E00E77FAD /* Build configuration list for PBXNativeTarget "iQONTweetDisplay" */;
			buildPhases = (
				4BAEB30F1D0EB58D00E77FAD /* Sources */,
				4BAEB3101D0EB58D00E77FAD /* Frameworks */,
				4BAEB3111D0EB58D00E77FAD /* Resources */,
			);
			buildRules = (
			);
			dependencies = (
			);
			name = iQONTweetDisplay;
			productName = iQONTweetDisplay;
			productReference = 4BAEB3131D0EB58D00E77FAD /* iQONTweetDisplay.app */;
			productType = "com.apple.product-type.application";
		};
		4BAEB3261D0EB58E00E77FAD /* iQONTweetDisplayTests */ = {
			isa = PBXNativeTarget;
			buildConfigurationList = 4BAEB33E1D0EB58E00E77FAD /* Build configuration list for PBXNativeTarget "iQONTweetDisplayTests" */;
			buildPhases = (
				4BAEB3231D0EB58E00E77FAD /* Sources */,
				4BAEB3241D0EB58E00E77FAD /* Frameworks */,
				4BAEB3251D0EB58E00E77FAD /* Resources */,
			);
			buildRules = (
			);
			dependencies = (
				4BAEB3291D0EB58E00E77FAD /* PBXTargetDependency */,
			);
			name = iQONTweetDisplayTests;
			productName = iQONTweetDisplayTests;
			productReference = 4BAEB3271D0EB58E00E77FAD /* iQONTweetDisplayTests.xctest */;
			productType = "com.apple.product-type.bundle.unit-test";
		};
		4BAEB3311D0EB58E00E77FAD /* iQONTweetDisplayUITests */ = {
			isa = PBXNativeTarget;
			buildConfigurationList = 4BAEB3411D0EB58E00E77FAD /* Build configuration list for PBXNativeTarget "iQONTweetDisplayUITests" */;
			buildPhases = (
				4BAEB32E1D0EB58E00E77FAD /* Sources */,
				4BAEB32F1D0EB58E00E77FAD /* Frameworks */,
				4BAEB3301D0EB58E00E77FAD /* Resources */,
			);
			buildRules = (
			);
			dependencies = (
				4BAEB3341D0EB58E00E77FAD /* PBXTargetDependency */,
			);
			name = iQONTweetDisplayUITests;
			productName = iQONTweetDisplayUITests;
			productReference = 4BAEB3321D0EB58E00E77FAD /* iQONTweetDisplayUITests.xctest */;
			productType = "com.apple.product-type.bundle.ui-testing";
		};
/* End PBXNativeTarget section */

/* Begin PBXProject section */
		4BAEB30B1D0EB58D00E77FAD /* Project object */ = {
			isa = PBXProject;
			attributes = {
				LastSwiftUpdateCheck = 0730;
				LastUpgradeCheck = 0730;
				ORGANIZATIONNAME = kiri;
				TargetAttributes = {
					4BAEB3121D0EB58D00E77FAD = {
						CreatedOnToolsVersion = 7.3.1;
					};
					4BAEB3261D0EB58E00E77FAD = {
						CreatedOnToolsVersion = 7.3.1;
						TestTargetID = 4BAEB3121D0EB58D00E77FAD;
					};
					4BAEB3311D0EB58E00E77FAD = {
						CreatedOnToolsVersion = 7.3.1;
						TestTargetID = 4BAEB3121D0EB58D00E77FAD;
					};
				};
			};
			buildConfigurationList = 4BAEB30E1D0EB58D00E77FAD /* Build configuration list for PBXProject "iQONTweetDisplay" */;
			compatibilityVersion = "Xcode 3.2";
			developmentRegion = English;
			hasScannedForEncodings = 0;
			knownRegions = (
				en,
				Base,
			);
			mainGroup = 4BAEB30A1D0EB58D00E77FAD;
			productRefGroup = 4BAEB3141D0EB58D00E77FAD /* Products */;
			projectDirPath = "";
			projectRoot = "";
			targets = (
				4BAEB3121D0EB58D00E77FAD /* iQONTweetDisplay */,
				4BAEB3261D0EB58E00E77FAD /* iQONTweetDisplayTests */,
				4BAEB3311D0EB58E00E77FAD /* iQONTweetDisplayUITests */,
			);
		};
/* End PBXProject section */

/* Begin PBXResourcesBuildPhase section */
		4BAEB3111D0EB58D00E77FAD /* Resources */ = {
			isa = PBXResourcesBuildPhase;
			buildActionMask = 2147483647;
			files = (
				4BAEB3211D0EB58E00E77FAD /* LaunchScreen.storyboard in Resources */,
				4BAEB31E1D0EB58E00E77FAD /* Assets.xcassets in Resources */,
				4BAEB31C1D0EB58E00E77FAD /* Main.storyboard in Resources */,
			);
			runOnlyForDeploymentPostprocessing = 0;
		};
		4BAEB3251D0EB58E00E77FAD /* Resources */ = {
			isa = PBXResourcesBuildPhase;
			buildActionMask = 2147483647;
			files = (
			);
			runOnlyForDeploymentPostprocessing = 0;
		};
		4BAEB3301D0EB58E00E77FAD /* Resources */ = {
			isa = PBXResourcesBuildPhase;
			buildActionMask = 2147483647;
			files = (
			);
			runOnlyForDeploymentPostprocessing = 0;
		};
/* End PBXResourcesBuildPhase section */

/* Begin PBXSourcesBuildPhase section */
		4BAEB30F1D0EB58D00E77FAD /* Sources */ = {
			isa = PBXSourcesBuildPhase;
			buildActionMask = 2147483647;
			files = (
				4BAEB3191D0EB58E00E77FAD /* ViewController.swift in Sources */,
				4BAEB3171D0EB58E00E77FAD /* AppDelegate.swift in Sources */,
			);
			runOnlyForDeploymentPostprocessing = 0;
		};
		4BAEB3231D0EB58E00E77FAD /* Sources */ = {
			isa = PBXSourcesBuildPhase;
			buildActionMask = 2147483647;
			files = (
				4BAEB32C1D0EB58E00E77FAD /* iQONTweetDisplayTests.swift in Sources */,
			);
			runOnlyForDeploymentPostprocessing = 0;
		};
		4BAEB32E1D0EB58E00E77FAD /* Sources */ = {
			isa = PBXSourcesBuildPhase;
			buildActionMask = 2147483647;
			files = (
				4BAEB3371D0EB58E00E77FAD /* iQONTweetDisplayUITests.swift in Sources */,
			);
			runOnlyForDeploymentPostprocessing = 0;
		};
/* End PBXSourcesBuildPhase section */

/* Begin PBXTargetDependency section */
		4BAEB3291D0EB58E00E77FAD /* PBXTargetDependency */ = {
			isa = PBXTargetDependency;
			target = 4BAEB3121D0EB58D00E77FAD /* iQONTweetDisplay */;
			targetProxy = 4BAEB3281D0EB58E00E77FAD /* PBXContainerItemProxy */;
		};
		4BAEB3341D0EB58E00E77FAD /* PBXTargetDependency */ = {
			isa = PBXTargetDependency;
			target = 4BAEB3121D0EB58D00E77FAD /* iQONTweetDisplay */;
			targetProxy = 4BAEB3331D0EB58E00E77FAD /* PBXContainerItemProxy */;
		};
/* End PBXTargetDependency section */

/* Begin PBXVariantGroup section */
		4BAEB31A1D0EB58E00E77FAD /* Main.storyboard */ = {
			isa = PBXVariantGroup;
			children = (
				4BAEB31B1D0EB58E00E77FAD /* Base */,
			);
			name = Main.storyboard;
			sourceTree = "<group>";
		};
		4BAEB31F1D0EB58E00E77FAD /* LaunchScreen.storyboard */ = {
			isa = PBXVariantGroup;
			children = (
				4BAEB3201D0EB58E00E77FAD /* Base */,
			);
			name = LaunchScreen.storyboard;
			sourceTree = "<group>";
		};
/* End PBXVariantGroup section */

/* Begin XCBuildConfiguration section */
		4BAEB3391D0EB58E00E77FAD /* Debug */ = {
			isa = XCBuildConfiguration;
			buildSettings = {
				ALWAYS_SEARCH_USER_PATHS = NO;
				CLANG_ANALYZER_NONNULL = YES;
				CLANG_CXX_LANGUAGE_STANDARD = "gnu++0x";
				CLANG_CXX_LIBRARY = "libc++";
				CLANG_ENABLE_MODULES = YES;
				CLANG_ENABLE_OBJC_ARC = YES;
				CLANG_WARN_BOOL_CONVERSION = YES;
				CLANG_WARN_CONSTANT_CONVERSION = YES;
				CLANG_WARN_DIRECT_OBJC_ISA_USAGE = YES_ERROR;
				CLANG_WARN_EMPTY_BODY = YES;
				CLANG_WARN_ENUM_CONVERSION = YES;
				CLANG_WARN_INT_CONVERSION = YES;
				CLANG_WARN_OBJC_ROOT_CLASS = YES_ERROR;
				CLANG_WARN_UNREACHABLE_CODE = YES;
				CLANG_WARN__DUPLICATE_METHOD_MATCH = YES;
				"CODE_SIGN_IDENTITY[sdk=iphoneos*]" = "iPhone Developer";
				COPY_PHASE_STRIP = NO;
				DEBUG_INFORMATION_FORMAT = dwarf;
				ENABLE_STRICT_OBJC_MSGSEND = YES;
				ENABLE_TESTABILITY = YES;
				GCC_C_LANGUAGE_STANDARD = gnu99;
				GCC_DYNAMIC_NO_PIC = NO;
				GCC_NO_COMMON_BLOCKS = YES;
				GCC_OPTIMIZATION_LEVEL = 0;
				GCC_PREPROCESSOR_DEFINITIONS = (
					"DEBUG=1",
					"$(inherited)",
				);
				GCC_WARN_64_TO_32_BIT_CONVERSION = YES;
				GCC_WARN_ABOUT_RETURN_TYPE = YES_ERROR;
				GCC_WARN_UNDECLARED_SELECTOR = YES;
				GCC_WARN_UNINITIALIZED_AUTOS = YES_AGGRESSIVE;
				GCC_WARN_UNUSED_FUNCTION = YES;
				GCC_WARN_UNUSED_VARIABLE = YES;
				IPHONEOS_DEPLOYMENT_TARGET = 9.3;
				MTL_ENABLE_DEBUG_INFO = YES;
				ONLY_ACTIVE_ARCH = YES;
				SDKROOT = iphoneos;
				SWIFT_OPTIMIZATION_LEVEL = "-Onone";
				TARGETED_DEVICE_FAMILY = "1,2";
			};
			name = Debug;
		};
		4BAEB33A1D0EB58E00E77FAD /* Release */ = {
			isa = XCBuildConfiguration;
			buildSettings = {
				ALWAYS_SEARCH_USER_PATHS = NO;
				CLANG_ANALYZER_NONNULL = YES;
				CLANG_CXX_LANGUAGE_STANDARD = "gnu++0x";
				CLANG_CXX_LIBRARY = "libc++";
				CLANG_ENABLE_MODULES = YES;
				CLANG_ENABLE_OBJC_ARC = YES;
				CLANG_WARN_BOOL_CONVERSION = YES;
				CLANG_WARN_CONSTANT_CONVERSION = YES;
				CLANG_WARN_DIRECT_OBJC_ISA_USAGE = YES_ERROR;
				CLANG_WARN_EMPTY_BODY = YES;
				CLANG_WARN_ENUM_CONVERSION = YES;
				CLANG_WARN_INT_CONVERSION = YES;
				CLANG_WARN_OBJC_ROOT_CLASS = YES_ERROR;
				CLANG_WARN_UNREACHABLE_CODE = YES;
				CLANG_WARN__DUPLICATE_METHOD_MATCH = YES;
				"CODE_SIGN_IDENTITY[sdk=iphoneos*]" = "iPhone Developer";
				COPY_PHASE_STRIP = NO;
				DEBUG_INFORMATION_FORMAT = "dwarf-with-dsym";
				ENABLE_NS_ASSERTIONS = NO;
				ENABLE_STRICT_OBJC_MSGSEND = YES;
				GCC_C_LANGUAGE_STANDARD = gnu99;
				GCC_NO_COMMON_BLOCKS = YES;
				GCC_WARN_64_TO_32_BIT_CONVERSION = YES;
				GCC_WARN_ABOUT_RETURN_TYPE = YES_ERROR;
				GCC_WARN_UNDECLARED_SELECTOR = YES;
				GCC_WARN_UNINITIALIZED_AUTOS = YES_AGGRESSIVE;
				GCC_WARN_UNUSED_FUNCTION = YES;
				GCC_WARN_UNUSED_VARIABLE = YES;
				IPHONEOS_DEPLOYMENT_TARGET = 9.3;
				MTL_ENABLE_DEBUG_INFO = NO;
				SDKROOT = iphoneos;
				TARGETED_DEVICE_FAMILY = "1,2";
				VALIDATE_PRODUCT = YES;
			};
			name = Release;
		};
		4BAEB33C1D0EB58E00E77FAD /* Debug */ = {
			isa = XCBuildConfiguration;
			buildSettings = {
				ASSETCATALOG_COMPILER_APPICON_NAME = AppIcon;
				INFOPLIST_FILE = iQONTweetDisplay/Info.plist;
				IPHONEOS_DEPLOYMENT_TARGET = 8.0;
				LD_RUNPATH_SEARCH_PATHS = "$(inherited) @executable_path/Frameworks";
				PRODUCT_BUNDLE_IDENTIFIER = com.iQONTweetDisplay;
				PRODUCT_NAME = "$(TARGET_NAME)";
			};
			name = Debug;
		};
		4BAEB33D1D0EB58E00E77FAD /* Release */ = {
			isa = XCBuildConfiguration;
			buildSettings = {
				ASSETCATALOG_COMPILER_APPICON_NAME = AppIcon;
				INFOPLIST_FILE = iQONTweetDisplay/Info.plist;
				IPHONEOS_DEPLOYMENT_TARGET = 8.0;
				LD_RUNPATH_SEARCH_PATHS = "$(inherited) @executable_path/Frameworks";
				PRODUCT_BUNDLE_IDENTIFIER = com.iQONTweetDisplay;
				PRODUCT_NAME = "$(TARGET_NAME)";
			};
			name = Release;
		};
		4BAEB33F1D0EB58E00E77FAD /* Debug */ = {
			isa = XCBuildConfiguration;
			buildSettings = {
				BUNDLE_LOADER = "$(TEST_HOST)";
				INFOPLIST_FILE = iQONTweetDisplayTests/Info.plist;
				LD_RUNPATH_SEARCH_PATHS = "$(inherited) @executable_path/Frameworks @loader_path/Frameworks";
				PRODUCT_BUNDLE_IDENTIFIER = com.iQONTweetDisplayTests;
				PRODUCT_NAME = "$(TARGET_NAME)";
				TEST_HOST = "$(BUILT_PRODUCTS_DIR)/iQONTweetDisplay.app/iQONTweetDisplay";
			};
			name = Debug;
		};
		4BAEB3401D0EB58E00E77FAD /* Release */ = {
			isa = XCBuildConfiguration;
			buildSettings = {
				BUNDLE_LOADER = "$(TEST_HOST)";
				INFOPLIST_FILE = iQONTweetDisplayTests/Info.plist;
				LD_RUNPATH_SEARCH_PATHS = "$(inherited) @executable_path/Frameworks @loader_path/Frameworks";
				PRODUCT_BUNDLE_IDENTIFIER = com.iQONTweetDisplayTests;
				PRODUCT_NAME = "$(TARGET_NAME)";
				TEST_HOST = "$(BUILT_PRODUCTS_DIR)/iQONTweetDisplay.app/iQONTweetDisplay";
			};
			name = Release;
		};
		4BAEB3421D0EB58E00E77FAD /* Debug */ = {
			isa = XCBuildConfiguration;
			buildSettings = {
				INFOPLIST_FILE = iQONTweetDisplayUITests/Info.plist;
				LD_RUNPATH_SEARCH_PATHS = "$(inherited) @executable_path/Frameworks @loader_path/Frameworks";
				PRODUCT_BUNDLE_IDENTIFIER = com.iQONTweetDisplayUITests;
				PRODUCT_NAME = "$(TARGET_NAME)";
				TEST_TARGET_NAME = iQONTweetDisplay;
			};
			name = Debug;
		};
		4BAEB3431D0EB58E00E77FAD /* Release */ = {
			isa = XCBuildConfiguration;
			buildSettings = {
				INFOPLIST_FILE = iQONTweetDisplayUITests/Info.plist;
				LD_RUNPATH_SEARCH_PATHS = "$(inherited) @executable_path/Frameworks @loader_path/Frameworks";
				PRODUCT_BUNDLE_IDENTIFIER = com.iQONTweetDisplayUITests;
				PRODUCT_NAME = "$(TARGET_NAME)";
				TEST_TARGET_NAME = iQONTweetDisplay;
			};
			name = Release;
		};
/* End XCBuildConfiguration section */

/* Begin XCConfigurationList section */
		4BAEB30E1D0EB58D00E77FAD /* Build configuration list for PBXProject "iQONTweetDisplay" */ = {
			isa = XCConfigurationList;
			buildConfigurations = (
				4BAEB3391D0EB58E00E77FAD /* Debug */,
				4BAEB33A1D0EB58E00E77FAD /* Release */,
			);
			defaultConfigurationIsVisible = 0;
			defaultConfigurationName = Release;
		};
		4BAEB33B1D0EB58E00E77FAD /* Build configuration list for PBXNativeTarget "iQONTweetDisplay" */ = {
			isa = XCConfigurationList;
			buildConfigurations = (
				4BAEB33C1D0EB58E00E77FAD /* Debug */,
				4BAEB33D1D0EB58E00E77FAD /* Release */,
			);
			defaultConfigurationIsVisible = 0;
			defaultConfigurationName = Release;
		};
		4BAEB33E1D0EB58E00E77FAD /* Build configuration list for PBXNativeTarget "iQONTweetDisplayTests" */ = {
			isa = XCConfigurationList;
			buildConfigurations = (
				4BAEB33F1D0EB58E00E77FAD /* Debug */,
				4BAEB3401D0EB58E00E77FAD /* Release */,
			);
			defaultConfigurationIsVisible = 0;
			defaultConfigurationName = Release;
		};
		4BAEB3411D0EB58E00E77FAD /* Build configuration list for PBXNativeTarget "iQONTweetDisplayUITests" */ = {
			isa = XCConfigurationList;
			buildConfigurations = (
				4BAEB3421D0EB58E00E77FAD /* Debug */,
				4BAEB3431D0EB58E00E77FAD /* Release */,
			);
			defaultConfigurationIsVisible = 0;
			defaultConfigurationName = Release;
		};
/* End XCConfigurationList section */
	};
	rootObject = 4BAEB30B1D0EB58D00E77FAD /* Project object */;
}
